// !$*UTF8*$!
{
	archiveVersion = 1;
	classes = {
	};
	objectVersion = 48;
	objects = {

/* Begin PBXBuildFile section */
		2A0BCDDFD33C5C77ED07F94A /* Pods_RxSwift_GitSearch.framework in Frameworks */ = {isa = PBXBuildFile; fileRef = 17F6122D0F16CBDE3F1CC227 /* Pods_RxSwift_GitSearch.framework */; };
		7FB2EB01C0F192FE7B0AE22A /* Pods_RxSwift_GitSearchTests.framework in Frameworks */ = {isa = PBXBuildFile; fileRef = 168BDFE62007C99CDA8042E3 /* Pods_RxSwift_GitSearchTests.framework */; };
		B2C781032015EC4E00000D6C /* AppDelegate.swift in Sources */ = {isa = PBXBuildFile; fileRef = B2C781022015EC4E00000D6C /* AppDelegate.swift */; };
		B2C781052015EC4E00000D6C /* ViewController.swift in Sources */ = {isa = PBXBuildFile; fileRef = B2C781042015EC4E00000D6C /* ViewController.swift */; };
		B2C781082015EC4E00000D6C /* Main.storyboard in Resources */ = {isa = PBXBuildFile; fileRef = B2C781062015EC4E00000D6C /* Main.storyboard */; };
		B2C7810A2015EC4E00000D6C /* Assets.xcassets in Resources */ = {isa = PBXBuildFile; fileRef = B2C781092015EC4E00000D6C /* Assets.xcassets */; };
		B2C7810D2015EC4E00000D6C /* LaunchScreen.storyboard in Resources */ = {isa = PBXBuildFile; fileRef = B2C7810B2015EC4E00000D6C /* LaunchScreen.storyboard */; };
		B2C781182015EC4E00000D6C /* RxSwift_GitSearchTests.swift in Sources */ = {isa = PBXBuildFile; fileRef = B2C781172015EC4E00000D6C /* RxSwift_GitSearchTests.swift */; };
		B2C781232015EC4E00000D6C /* RxSwift_GitSearchUITests.swift in Sources */ = {isa = PBXBuildFile; fileRef = B2C781222015EC4E00000D6C /* RxSwift_GitSearchUITests.swift */; };
		C2A649BA13B8ECBE821E616D /* Pods_RxSwift_GitSearchUITests.framework in Frameworks */ = {isa = PBXBuildFile; fileRef = 16510BD6B70DF5CE5094ECF3 /* Pods_RxSwift_GitSearchUITests.framework */; };
/* End PBXBuildFile section */

/* Begin PBXContainerItemProxy section */
		B2C781142015EC4E00000D6C /* PBXContainerItemProxy */ = {
			isa = PBXContainerItemProxy;
			containerPortal = B2C780F72015EC4E00000D6C /* Project object */;
			proxyType = 1;
			remoteGlobalIDString = B2C780FE2015EC4E00000D6C;
			remoteInfo = RxSwift_GitSearch;
		};
		B2C7811F2015EC4E00000D6C /* PBXContainerItemProxy */ = {
			isa = PBXContainerItemProxy;
			containerPortal = B2C780F72015EC4E00000D6C /* Project object */;
			proxyType = 1;
			remoteGlobalIDString = B2C780FE2015EC4E00000D6C;
			remoteInfo = RxSwift_GitSearch;
		};
/* End PBXContainerItemProxy section */

/* Begin PBXFileReference section */
		16510BD6B70DF5CE5094ECF3 /* Pods_RxSwift_GitSearchUITests.framework */ = {isa = PBXFileReference; explicitFileType = wrapper.framework; includeInIndex = 0; path = Pods_RxSwift_GitSearchUITests.framework; sourceTree = BUILT_PRODUCTS_DIR; };
		168BDFE62007C99CDA8042E3 /* Pods_RxSwift_GitSearchTests.framework */ = {isa = PBXFileReference; explicitFileType = wrapper.framework; includeInIndex = 0; path = Pods_RxSwift_GitSearchTests.framework; sourceTree = BUILT_PRODUCTS_DIR; };
		17F6122D0F16CBDE3F1CC227 /* Pods_RxSwift_GitSearch.framework */ = {isa = PBXFileReference; explicitFileType = wrapper.framework; includeInIndex = 0; path = Pods_RxSwift_GitSearch.framework; sourceTree = BUILT_PRODUCTS_DIR; };
		4A3A452F9D2B12D04B93F432 /* Pods-RxSwift_GitSearchUITests.debug.xcconfig */ = {isa = PBXFileReference; includeInIndex = 1; lastKnownFileType = text.xcconfig; name = "Pods-RxSwift_GitSearchUITests.debug.xcconfig"; path = "Pods/Target Support Files/Pods-RxSwift_GitSearchUITests/Pods-RxSwift_GitSearchUITests.debug.xcconfig"; sourceTree = "<group>"; };
		6E37604747978542B3690B2D /* Pods-RxSwift_GitSearchTests.release.xcconfig */ = {isa = PBXFileReference; includeInIndex = 1; lastKnownFileType = text.xcconfig; name = "Pods-RxSwift_GitSearchTests.release.xcconfig"; path = "Pods/Target Support Files/Pods-RxSwift_GitSearchTests/Pods-RxSwift_GitSearchTests.release.xcconfig"; sourceTree = "<group>"; };
		B2C780FF2015EC4E00000D6C /* RxSwift_GitSearch.app */ = {isa = PBXFileReference; explicitFileType = wrapper.application; includeInIndex = 0; path = RxSwift_GitSearch.app; sourceTree = BUILT_PRODUCTS_DIR; };
		B2C781022015EC4E00000D6C /* AppDelegate.swift */ = {isa = PBXFileReference; lastKnownFileType = sourcecode.swift; path = AppDelegate.swift; sourceTree = "<group>"; };
		B2C781042015EC4E00000D6C /* ViewController.swift */ = {isa = PBXFileReference; lastKnownFileType = sourcecode.swift; path = ViewController.swift; sourceTree = "<group>"; };
		B2C781072015EC4E00000D6C /* Base */ = {isa = PBXFileReference; lastKnownFileType = file.storyboard; name = Base; path = Base.lproj/Main.storyboard; sourceTree = "<group>"; };
		B2C781092015EC4E00000D6C /* Assets.xcassets */ = {isa = PBXFileReference; lastKnownFileType = folder.assetcatalog; path = Assets.xcassets; sourceTree = "<group>"; };
		B2C7810C2015EC4E00000D6C /* Base */ = {isa = PBXFileReference; lastKnownFileType = file.storyboard; name = Base; path = Base.lproj/LaunchScreen.storyboard; sourceTree = "<group>"; };
		B2C7810E2015EC4E00000D6C /* Info.plist */ = {isa = PBXFileReference; lastKnownFileType = text.plist.xml; path = Info.plist; sourceTree = "<group>"; };
		B2C781132015EC4E00000D6C /* RxSwift_GitSearchTests.xctest */ = {isa = PBXFileReference; explicitFileType = wrapper.cfbundle; includeInIndex = 0; path = RxSwift_GitSearchTests.xctest; sourceTree = BUILT_PRODUCTS_DIR; };
		B2C781172015EC4E00000D6C /* RxSwift_GitSearchTests.swift */ = {isa = PBXFileReference; lastKnownFileType = sourcecode.swift; path = RxSwift_GitSearchTests.swift; sourceTree = "<group>"; };
		B2C781192015EC4E00000D6C /* Info.plist */ = {isa = PBXFileReference; lastKnownFileType = text.plist.xml; path = Info.plist; sourceTree = "<group>"; };
		B2C7811E2015EC4E00000D6C /* RxSwift_GitSearchUITests.xctest */ = {isa = PBXFileReference; explicitFileType = wrapper.cfbundle; includeInIndex = 0; path = RxSwift_GitSearchUITests.xctest; sourceTree = BUILT_PRODUCTS_DIR; };
		B2C781222015EC4E00000D6C /* RxSwift_GitSearchUITests.swift */ = {isa = PBXFileReference; lastKnownFileType = sourcecode.swift; path = RxSwift_GitSearchUITests.swift; sourceTree = "<group>"; };
		B2C781242015EC4E00000D6C /* Info.plist */ = {isa = PBXFileReference; lastKnownFileType = text.plist.xml; path = Info.plist; sourceTree = "<group>"; };
		D85AD95BE2AADB3CACE392F0 /* Pods-RxSwift_GitSearchUITests.release.xcconfig */ = {isa = PBXFileReference; includeInIndex = 1; lastKnownFileType = text.xcconfig; name = "Pods-RxSwift_GitSearchUITests.release.xcconfig"; path = "Pods/Target Support Files/Pods-RxSwift_GitSearchUITests/Pods-RxSwift_GitSearchUITests.release.xcconfig"; sourceTree = "<group>"; };
		DC8B13829A660C26CFD01DFE /* Pods-RxSwift_GitSearch.release.xcconfig */ = {isa = PBXFileReference; includeInIndex = 1; lastKnownFileType = text.xcconfig; name = "Pods-RxSwift_GitSearch.release.xcconfig"; path = "Pods/Target Support Files/Pods-RxSwift_GitSearch/Pods-RxSwift_GitSearch.release.xcconfig"; sourceTree = "<group>"; };
		EDBAF0A5F54EEE45B7E68EC3 /* Pods-RxSwift_GitSearchTests.debug.xcconfig */ = {isa = PBXFileReference; includeInIndex = 1; lastKnownFileType = text.xcconfig; name = "Pods-RxSwift_GitSearchTests.debug.xcconfig"; path = "Pods/Target Support Files/Pods-RxSwift_GitSearchTests/Pods-RxSwift_GitSearchTests.debug.xcconfig"; sourceTree = "<group>"; };
		F2AA497709C227C7A28DFE45 /* Pods-RxSwift_GitSearch.debug.xcconfig */ = {isa = PBXFileReference; includeInIndex = 1; lastKnownFileType = text.xcconfig; name = "Pods-RxSwift_GitSearch.debug.xcconfig"; path = "Pods/Target Support Files/Pods-RxSwift_GitSearch/Pods-RxSwift_GitSearch.debug.xcconfig"; sourceTree = "<group>"; };
/* End PBXFileReference section */

/* Begin PBXFrameworksBuildPhase section */
		B2C780FC2015EC4E00000D6C /* Frameworks */ = {
			isa = PBXFrameworksBuildPhase;
			buildActionMask = 2147483647;
			files = (
				2A0BCDDFD33C5C77ED07F94A /* Pods_RxSwift_GitSearch.framework in Frameworks */,
			);
			runOnlyForDeploymentPostprocessing = 0;
		};
		B2C781102015EC4E00000D6C /* Frameworks */ = {
			isa = PBXFrameworksBuildPhase;
			buildActionMask = 2147483647;
			files = (
				7FB2EB01C0F192FE7B0AE22A /* Pods_RxSwift_GitSearchTests.framework in Frameworks */,
			);
			runOnlyForDeploymentPostprocessing = 0;
		};
		B2C7811B2015EC4E00000D6C /* Frameworks */ = {
			isa = PBXFrameworksBuildPhase;
			buildActionMask = 2147483647;
			files = (
				C2A649BA13B8ECBE821E616D /* Pods_RxSwift_GitSearchUITests.framework in Frameworks */,
			);
			runOnlyForDeploymentPostprocessing = 0;
		};
/* End PBXFrameworksBuildPhase section */

/* Begin PBXGroup section */
		3A2C6306A5D10D7C64C0879B /* Frameworks */ = {
			isa = PBXGroup;
			children = (
				17F6122D0F16CBDE3F1CC227 /* Pods_RxSwift_GitSearch.framework */,
				168BDFE62007C99CDA8042E3 /* Pods_RxSwift_GitSearchTests.framework */,
				16510BD6B70DF5CE5094ECF3 /* Pods_RxSwift_GitSearchUITests.framework */,
			);
			name = Frameworks;
			sourceTree = "<group>";
		};
		542A4870F70815E166D49ECA /* Pods */ = {
			isa = PBXGroup;
			children = (
				F2AA497709C227C7A28DFE45 /* Pods-RxSwift_GitSearch.debug.xcconfig */,
				DC8B13829A660C26CFD01DFE /* Pods-RxSwift_GitSearch.release.xcconfig */,
				EDBAF0A5F54EEE45B7E68EC3 /* Pods-RxSwift_GitSearchTests.debug.xcconfig */,
				6E37604747978542B3690B2D /* Pods-RxSwift_GitSearchTests.release.xcconfig */,
				4A3A452F9D2B12D04B93F432 /* Pods-RxSwift_GitSearchUITests.debug.xcconfig */,
				D85AD95BE2AADB3CACE392F0 /* Pods-RxSwift_GitSearchUITests.release.xcconfig */,
			);
			name = Pods;
			sourceTree = "<group>";
		};
		B2C780F62015EC4E00000D6C = {
			isa = PBXGroup;
			children = (
				B2C781012015EC4E00000D6C /* RxSwift_GitSearch */,
				B2C781162015EC4E00000D6C /* RxSwift_GitSearchTests */,
				B2C781212015EC4E00000D6C /* RxSwift_GitSearchUITests */,
				B2C781002015EC4E00000D6C /* Products */,
				542A4870F70815E166D49ECA /* Pods */,
				3A2C6306A5D10D7C64C0879B /* Frameworks */,
			);
			sourceTree = "<group>";
		};
		B2C781002015EC4E00000D6C /* Products */ = {
			isa = PBXGroup;
			children = (
				B2C780FF2015EC4E00000D6C /* RxSwift_GitSearch.app */,
				B2C781132015EC4E00000D6C /* RxSwift_GitSearchTests.xctest */,
				B2C7811E2015EC4E00000D6C /* RxSwift_GitSearchUITests.xctest */,
			);
			name = Products;
			sourceTree = "<group>";
		};
		B2C781012015EC4E00000D6C /* RxSwift_GitSearch */ = {
			isa = PBXGroup;
			children = (
				B2C781022015EC4E00000D6C /* AppDelegate.swift */,
				B2C781042015EC4E00000D6C /* ViewController.swift */,
				B2C781062015EC4E00000D6C /* Main.storyboard */,
				B2C781092015EC4E00000D6C /* Assets.xcassets */,
				B2C7810B2015EC4E00000D6C /* LaunchScreen.storyboard */,
				B2C7810E2015EC4E00000D6C /* Info.plist */,
			);
			path = RxSwift_GitSearch;
			sourceTree = "<group>";
		};
		B2C781162015EC4E00000D6C /* RxSwift_GitSearchTests */ = {
			isa = PBXGroup;
			children = (
				B2C781172015EC4E00000D6C /* RxSwift_GitSearchTests.swift */,
				B2C781192015EC4E00000D6C /* Info.plist */,
			);
			path = RxSwift_GitSearchTests;
			sourceTree = "<group>";
		};
		B2C781212015EC4E00000D6C /* RxSwift_GitSearchUITests */ = {
			isa = PBXGroup;
			children = (
				B2C781222015EC4E00000D6C /* RxSwift_GitSearchUITests.swift */,
				B2C781242015EC4E00000D6C /* Info.plist */,
			);
			path = RxSwift_GitSearchUITests;
			sourceTree = "<group>";
		};
/* End PBXGroup section */

/* Begin PBXNativeTarget section */
		B2C780FE2015EC4E00000D6C /* RxSwift_GitSearch */ = {
			isa = PBXNativeTarget;
			buildConfigurationList = B2C781272015EC4E00000D6C /* Build configuration list for PBXNativeTarget "RxSwift_GitSearch" */;
			buildPhases = (
				C67E40CC523CB106D12BB675 /* [CP] Check Pods Manifest.lock */,
				B2C780FB2015EC4E00000D6C /* Sources */,
				B2C780FC2015EC4E00000D6C /* Frameworks */,
				B2C780FD2015EC4E00000D6C /* Resources */,
				F1E0B0EA3E193598A7265510 /* [CP] Embed Pods Frameworks */,
				5FF879500FD0195242071AB2 /* [CP] Copy Pods Resources */,
			);
			buildRules = (
			);
			dependencies = (
			);
			name = RxSwift_GitSearch;
			productName = RxSwift_GitSearch;
			productReference = B2C780FF2015EC4E00000D6C /* RxSwift_GitSearch.app */;
			productType = "com.apple.product-type.application";
		};
		B2C781122015EC4E00000D6C /* RxSwift_GitSearchTests */ = {
			isa = PBXNativeTarget;
			buildConfigurationList = B2C7812A2015EC4E00000D6C /* Build configuration list for PBXNativeTarget "RxSwift_GitSearchTests" */;
			buildPhases = (
				9CC4B9CAB253CC859789270B /* [CP] Check Pods Manifest.lock */,
				B2C7810F2015EC4E00000D6C /* Sources */,
				B2C781102015EC4E00000D6C /* Frameworks */,
				B2C781112015EC4E00000D6C /* Resources */,
				637ED1589863DFD47FB1B6C3 /* [CP] Embed Pods Frameworks */,
				D93977DE51E185F0FF92AEB1 /* [CP] Copy Pods Resources */,
			);
			buildRules = (
			);
			dependencies = (
				B2C781152015EC4E00000D6C /* PBXTargetDependency */,
			);
			name = RxSwift_GitSearchTests;
			productName = RxSwift_GitSearchTests;
			productReference = B2C781132015EC4E00000D6C /* RxSwift_GitSearchTests.xctest */;
			productType = "com.apple.product-type.bundle.unit-test";
		};
		B2C7811D2015EC4E00000D6C /* RxSwift_GitSearchUITests */ = {
			isa = PBXNativeTarget;
			buildConfigurationList = B2C7812D2015EC4E00000D6C /* Build configuration list for PBXNativeTarget "RxSwift_GitSearchUITests" */;
			buildPhases = (
				43E41FE4A910BBF9668B42B0 /* [CP] Check Pods Manifest.lock */,
				B2C7811A2015EC4E00000D6C /* Sources */,
				B2C7811B2015EC4E00000D6C /* Frameworks */,
				B2C7811C2015EC4E00000D6C /* Resources */,
				5F379CB6EAAC0CF1219CCC30 /* [CP] Embed Pods Frameworks */,
				B0492888E4DD2DAE8A78EFBE /* [CP] Copy Pods Resources */,
			);
			buildRules = (
			);
			dependencies = (
				B2C781202015EC4E00000D6C /* PBXTargetDependency */,
			);
			name = RxSwift_GitSearchUITests;
			productName = RxSwift_GitSearchUITests;
			productReference = B2C7811E2015EC4E00000D6C /* RxSwift_GitSearchUITests.xctest */;
			productType = "com.apple.product-type.bundle.ui-testing";
		};
/* End PBXNativeTarget section */

/* Begin PBXProject section */
		B2C780F72015EC4E00000D6C /* Project object */ = {
			isa = PBXProject;
			attributes = {
				LastSwiftUpdateCheck = 0920;
				LastUpgradeCheck = 0920;
				ORGANIZATIONNAME = "佐藤賢";
				TargetAttributes = {
					B2C780FE2015EC4E00000D6C = {
						CreatedOnToolsVersion = 9.2;
						ProvisioningStyle = Automatic;
					};
					B2C781122015EC4E00000D6C = {
						CreatedOnToolsVersion = 9.2;
						ProvisioningStyle = Automatic;
						TestTargetID = B2C780FE2015EC4E00000D6C;
					};
					B2C7811D2015EC4E00000D6C = {
						CreatedOnToolsVersion = 9.2;
						ProvisioningStyle = Automatic;
						TestTargetID = B2C780FE2015EC4E00000D6C;
					};
				};
			};
			buildConfigurationList = B2C780FA2015EC4E00000D6C /* Build configuration list for PBXProject "RxSwift_GitSearch" */;
			compatibilityVersion = "Xcode 8.0";
			developmentRegion = en;
			hasScannedForEncodings = 0;
			knownRegions = (
				en,
				Base,
			);
			mainGroup = B2C780F62015EC4E00000D6C;
			productRefGroup = B2C781002015EC4E00000D6C /* Products */;
			projectDirPath = "";
			projectRoot = "";
			targets = (
				B2C780FE2015EC4E00000D6C /* RxSwift_GitSearch */,
				B2C781122015EC4E00000D6C /* RxSwift_GitSearchTests */,
				B2C7811D2015EC4E00000D6C /* RxSwift_GitSearchUITests */,
			);
		};
/* End PBXProject section */

/* Begin PBXResourcesBuildPhase section */
		B2C780FD2015EC4E00000D6C /* Resources */ = {
			isa = PBXResourcesBuildPhase;
			buildActionMask = 2147483647;
			files = (
				B2C7810D2015EC4E00000D6C /* LaunchScreen.storyboard in Resources */,
				B2C7810A2015EC4E00000D6C /* Assets.xcassets in Resources */,
				B2C781082015EC4E00000D6C /* Main.storyboard in Resources */,
			);
			runOnlyForDeploymentPostprocessing = 0;
		};
		B2C781112015EC4E00000D6C /* Resources */ = {
			isa = PBXResourcesBuildPhase;
			buildActionMask = 2147483647;
			files = (
			);
			runOnlyForDeploymentPostprocessing = 0;
		};
		B2C7811C2015EC4E00000D6C /* Resources */ = {
			isa = PBXResourcesBuildPhase;
			buildActionMask = 2147483647;
			files = (
			);
			runOnlyForDeploymentPostprocessing = 0;
		};
/* End PBXResourcesBuildPhase section */

/* Begin PBXShellScriptBuildPhase section */
		43E41FE4A910BBF9668B42B0 /* [CP] Check Pods Manifest.lock */ = {
			isa = PBXShellScriptBuildPhase;
			buildActionMask = 2147483647;
			files = (
			);
			inputPaths = (
				"${PODS_PODFILE_DIR_PATH}/Podfile.lock",
				"${PODS_ROOT}/Manifest.lock",
			);
			name = "[CP] Check Pods Manifest.lock";
			outputPaths = (
				"$(DERIVED_FILE_DIR)/Pods-RxSwift_GitSearchUITests-checkManifestLockResult.txt",
			);
			runOnlyForDeploymentPostprocessing = 0;
			shellPath = /bin/sh;
			shellScript = "diff \"${PODS_PODFILE_DIR_PATH}/Podfile.lock\" \"${PODS_ROOT}/Manifest.lock\" > /dev/null\nif [ $? != 0 ] ; then\n    # print error to STDERR\n    echo \"error: The sandbox is not in sync with the Podfile.lock. Run 'pod install' or update your CocoaPods installation.\" >&2\n    exit 1\nfi\n# This output is used by Xcode 'outputs' to avoid re-running this script phase.\necho \"SUCCESS\" > \"${SCRIPT_OUTPUT_FILE_0}\"\n";
			showEnvVarsInLog = 0;
		};
		5F379CB6EAAC0CF1219CCC30 /* [CP] Embed Pods Frameworks */ = {
			isa = PBXShellScriptBuildPhase;
			buildActionMask = 2147483647;
			files = (
			);
			inputPaths = (
			);
			name = "[CP] Embed Pods Frameworks";
			outputPaths = (
			);
			runOnlyForDeploymentPostprocessing = 0;
			shellPath = /bin/sh;
			shellScript = "\"${SRCROOT}/Pods/Target Support Files/Pods-RxSwift_GitSearchUITests/Pods-RxSwift_GitSearchUITests-frameworks.sh\"\n";
			showEnvVarsInLog = 0;
		};
		5FF879500FD0195242071AB2 /* [CP] Copy Pods Resources */ = {
			isa = PBXShellScriptBuildPhase;
			buildActionMask = 2147483647;
			files = (
			);
			inputPaths = (
			);
			name = "[CP] Copy Pods Resources";
			outputPaths = (
			);
			runOnlyForDeploymentPostprocessing = 0;
			shellPath = /bin/sh;
			shellScript = "\"${SRCROOT}/Pods/Target Support Files/Pods-RxSwift_GitSearch/Pods-RxSwift_GitSearch-resources.sh\"\n";
			showEnvVarsInLog = 0;
		};
		637ED1589863DFD47FB1B6C3 /* [CP] Embed Pods Frameworks */ = {
			isa = PBXShellScriptBuildPhase;
			buildActionMask = 2147483647;
			files = (
			);
			inputPaths = (
				"${SRCROOT}/Pods/Target Support Files/Pods-RxSwift_GitSearchTests/Pods-RxSwift_GitSearchTests-frameworks.sh",
				"${BUILT_PRODUCTS_DIR}/RxSwift/RxSwift.framework",
				"${BUILT_PRODUCTS_DIR}/RxBlocking/RxBlocking.framework",
				"${BUILT_PRODUCTS_DIR}/RxTest/RxTest.framework",
			);
			name = "[CP] Embed Pods Frameworks";
			outputPaths = (
				"${TARGET_BUILD_DIR}/${FRAMEWORKS_FOLDER_PATH}/RxSwift.framework",
				"${TARGET_BUILD_DIR}/${FRAMEWORKS_FOLDER_PATH}/RxBlocking.framework",
				"${TARGET_BUILD_DIR}/${FRAMEWORKS_FOLDER_PATH}/RxTest.framework",
			);
			runOnlyForDeploymentPostprocessing = 0;
			shellPath = /bin/sh;
			shellScript = "\"${SRCROOT}/Pods/Target Support Files/Pods-RxSwift_GitSearchTests/Pods-RxSwift_GitSearchTests-frameworks.sh\"\n";
			showEnvVarsInLog = 0;
		};
		9CC4B9CAB253CC859789270B /* [CP] Check Pods Manifest.lock */ = {
			isa = PBXShellScriptBuildPhase;
			buildActionMask = 2147483647;
			files = (
			);
			inputPaths = (
				"${PODS_PODFILE_DIR_PATH}/Podfile.lock",
				"${PODS_ROOT}/Manifest.lock",
			);
			name = "[CP] Check Pods Manifest.lock";
			outputPaths = (
				"$(DERIVED_FILE_DIR)/Pods-RxSwift_GitSearchTests-checkManifestLockResult.txt",
			);
			runOnlyForDeploymentPostprocessing = 0;
			shellPath = /bin/sh;
			shellScript = "diff \"${PODS_PODFILE_DIR_PATH}/Podfile.lock\" \"${PODS_ROOT}/Manifest.lock\" > /dev/null\nif [ $? != 0 ] ; then\n    # print error to STDERR\n    echo \"error: The sandbox is not in sync with the Podfile.lock. Run 'pod install' or update your CocoaPods installation.\" >&2\n    exit 1\nfi\n# This output is used by Xcode 'outputs' to avoid re-running this script phase.\necho \"SUCCESS\" > \"${SCRIPT_OUTPUT_FILE_0}\"\n";
			showEnvVarsInLog = 0;
		};
		B0492888E4DD2DAE8A78EFBE /* [CP] Copy Pods Resources */ = {
			isa = PBXShellScriptBuildPhase;
			buildActionMask = 2147483647;
			files = (
			);
			inputPaths = (
			);
			name = "[CP] Copy Pods Resources";
			outputPaths = (
			);
			runOnlyForDeploymentPostprocessing = 0;
			shellPath = /bin/sh;
			shellScript = "\"${SRCROOT}/Pods/Target Support Files/Pods-RxSwift_GitSearchUITests/Pods-RxSwift_GitSearchUITests-resources.sh\"\n";
			showEnvVarsInLog = 0;
		};
		C67E40CC523CB106D12BB675 /* [CP] Check Pods Manifest.lock */ = {
			isa = PBXShellScriptBuildPhase;
			buildActionMask = 2147483647;
			files = (
			);
			inputPaths = (
				"${PODS_PODFILE_DIR_PATH}/Podfile.lock",
				"${PODS_ROOT}/Manifest.lock",
			);
			name = "[CP] Check Pods Manifest.lock";
			outputPaths = (
				"$(DERIVED_FILE_DIR)/Pods-RxSwift_GitSearch-checkManifestLockResult.txt",
			);
			runOnlyForDeploymentPostprocessing = 0;
			shellPath = /bin/sh;
			shellScript = "diff \"${PODS_PODFILE_DIR_PATH}/Podfile.lock\" \"${PODS_ROOT}/Manifest.lock\" > /dev/null\nif [ $? != 0 ] ; then\n    # print error to STDERR\n    echo \"error: The sandbox is not in sync with the Podfile.lock. Run 'pod install' or update your CocoaPods installation.\" >&2\n    exit 1\nfi\n# This output is used by Xcode 'outputs' to avoid re-running this script phase.\necho \"SUCCESS\" > \"${SCRIPT_OUTPUT_FILE_0}\"\n";
			showEnvVarsInLog = 0;
		};
		D93977DE51E185F0FF92AEB1 /* [CP] Copy Pods Resources */ = {
			isa = PBXShellScriptBuildPhase;
			buildActionMask = 2147483647;
			files = (
			);
			inputPaths = (
			);
			name = "[CP] Copy Pods Resources";
			outputPaths = (
			);
			runOnlyForDeploymentPostprocessing = 0;
			shellPath = /bin/sh;
			shellScript = "\"${SRCROOT}/Pods/Target Support Files/Pods-RxSwift_GitSearchTests/Pods-RxSwift_GitSearchTests-resources.sh\"\n";
			showEnvVarsInLog = 0;
		};
		F1E0B0EA3E193598A7265510 /* [CP] Embed Pods Frameworks */ = {
			isa = PBXShellScriptBuildPhase;
			buildActionMask = 2147483647;
			files = (
			);
			inputPaths = (
				"${SRCROOT}/Pods/Target Support Files/Pods-RxSwift_GitSearch/Pods-RxSwift_GitSearch-frameworks.sh",
				"${BUILT_PRODUCTS_DIR}/Alamofire/Alamofire.framework",
				"${BUILT_PRODUCTS_DIR}/Differentiator/Differentiator.framework",
				"${BUILT_PRODUCTS_DIR}/ObjectMapper/ObjectMapper.framework",
				"${BUILT_PRODUCTS_DIR}/RxAlamofire/RxAlamofire.framework",
				"${BUILT_PRODUCTS_DIR}/RxCocoa/RxCocoa.framework",
				"${BUILT_PRODUCTS_DIR}/RxDataSources/RxDataSources.framework",
				"${BUILT_PRODUCTS_DIR}/RxSwift/RxSwift.framework",
			);
			name = "[CP] Embed Pods Frameworks";
			outputPaths = (
				"${TARGET_BUILD_DIR}/${FRAMEWORKS_FOLDER_PATH}/Alamofire.framework",
				"${TARGET_BUILD_DIR}/${FRAMEWORKS_FOLDER_PATH}/Differentiator.framework",
				"${TARGET_BUILD_DIR}/${FRAMEWORKS_FOLDER_PATH}/ObjectMapper.framework",
				"${TARGET_BUILD_DIR}/${FRAMEWORKS_FOLDER_PATH}/RxAlamofire.framework",
				"${TARGET_BUILD_DIR}/${FRAMEWORKS_FOLDER_PATH}/RxCocoa.framework",
				"${TARGET_BUILD_DIR}/${FRAMEWORKS_FOLDER_PATH}/RxDataSources.framework",
				"${TARGET_BUILD_DIR}/${FRAMEWORKS_FOLDER_PATH}/RxSwift.framework",
			);
			runOnlyForDeploymentPostprocessing = 0;
			shellPath = /bin/sh;
			shellScript = "\"${SRCROOT}/Pods/Target Support Files/Pods-RxSwift_GitSearch/Pods-RxSwift_GitSearch-frameworks.sh\"\n";
			showEnvVarsInLog = 0;
		};
/* End PBXShellScriptBuildPhase section */

/* Begin PBXSourcesBuildPhase section */
		B2C780FB2015EC4E00000D6C /* Sources */ = {
			isa = PBXSourcesBuildPhase;
			buildActionMask = 2147483647;
			files = (
				B2C781052015EC4E00000D6C /* ViewController.swift in Sources */,
				B2C781032015EC4E00000D6C /* AppDelegate.swift in Sources */,
			);
			runOnlyForDeploymentPostprocessing = 0;
		};
		B2C7810F2015EC4E00000D6C /* Sources */ = {
			isa = PBXSourcesBuildPhase;
			buildActionMask = 2147483647;
			files = (
				B2C781182015EC4E00000D6C /* RxSwift_GitSearchTests.swift in Sources */,
			);
			runOnlyForDeploymentPostprocessing = 0;
		};
		B2C7811A2015EC4E00000D6C /* Sources */ = {
			isa = PBXSourcesBuildPhase;
			buildActionMask = 2147483647;
			files = (
				B2C781232015EC4E00000D6C /* RxSwift_GitSearchUITests.swift in Sources */,
			);
			runOnlyForDeploymentPostprocessing = 0;
		};
/* End PBXSourcesBuildPhase section */

/* Begin PBXTargetDependency section */
		B2C781152015EC4E00000D6C /* PBXTargetDependency */ = {
			isa = PBXTargetDependency;
			target = B2C780FE2015EC4E00000D6C /* RxSwift_GitSearch */;
			targetProxy = B2C781142015EC4E00000D6C /* PBXContainerItemProxy */;
		};
		B2C781202015EC4E00000D6C /* PBXTargetDependency */ = {
			isa = PBXTargetDependency;
			target = B2C780FE2015EC4E00000D6C /* RxSwift_GitSearch */;
			targetProxy = B2C7811F2015EC4E00000D6C /* PBXContainerItemProxy */;
		};
/* End PBXTargetDependency section */

/* Begin PBXVariantGroup section */
		B2C781062015EC4E00000D6C /* Main.storyboard */ = {
			isa = PBXVariantGroup;
			children = (
				B2C781072015EC4E00000D6C /* Base */,
			);
			name = Main.storyboard;
			sourceTree = "<group>";
		};
		B2C7810B2015EC4E00000D6C /* LaunchScreen.storyboard */ = {
			isa = PBXVariantGroup;
			children = (
				B2C7810C2015EC4E00000D6C /* Base */,
			);
			name = LaunchScreen.storyboard;
			sourceTree = "<group>";
		};
/* End PBXVariantGroup section */

/* Begin XCBuildConfiguration section */
		B2C781252015EC4E00000D6C /* Debug */ = {
			isa = XCBuildConfiguration;
			buildSettings = {
				ALWAYS_SEARCH_USER_PATHS = NO;
				CLANG_ANALYZER_NONNULL = YES;
				CLANG_ANALYZER_NUMBER_OBJECT_CONVERSION = YES_AGGRESSIVE;
				CLANG_CXX_LANGUAGE_STANDARD = "gnu++14";
				CLANG_CXX_LIBRARY = "libc++";
				CLANG_ENABLE_MODULES = YES;
				CLANG_ENABLE_OBJC_ARC = YES;
				CLANG_WARN_BLOCK_CAPTURE_AUTORELEASING = YES;
				CLANG_WARN_BOOL_CONVERSION = YES;
				CLANG_WARN_COMMA = YES;
				CLANG_WARN_CONSTANT_CONVERSION = YES;
				CLANG_WARN_DIRECT_OBJC_ISA_USAGE = YES_ERROR;
				CLANG_WARN_DOCUMENTATION_COMMENTS = YES;
				CLANG_WARN_EMPTY_BODY = YES;
				CLANG_WARN_ENUM_CONVERSION = YES;
				CLANG_WARN_INFINITE_RECURSION = YES;
				CLANG_WARN_INT_CONVERSION = YES;
				CLANG_WARN_NON_LITERAL_NULL_CONVERSION = YES;
				CLANG_WARN_OBJC_LITERAL_CONVERSION = YES;
				CLANG_WARN_OBJC_ROOT_CLASS = YES_ERROR;
				CLANG_WARN_RANGE_LOOP_ANALYSIS = YES;
				CLANG_WARN_STRICT_PROTOTYPES = YES;
				CLANG_WARN_SUSPICIOUS_MOVE = YES;
				CLANG_WARN_UNGUARDED_AVAILABILITY = YES_AGGRESSIVE;
				CLANG_WARN_UNREACHABLE_CODE = YES;
				CLANG_WARN__DUPLICATE_METHOD_MATCH = YES;
				CODE_SIGN_IDENTITY = "iPhone Developer";
				COPY_PHASE_STRIP = NO;
				DEBUG_INFORMATION_FORMAT = dwarf;
				ENABLE_STRICT_OBJC_MSGSEND = YES;
				ENABLE_TESTABILITY = YES;
				GCC_C_LANGUAGE_STANDARD = gnu11;
				GCC_DYNAMIC_NO_PIC = NO;
				GCC_NO_COMMON_BLOCKS = YES;
				GCC_OPTIMIZATION_LEVEL = 0;
				GCC_PREPROCESSOR_DEFINITIONS = (
					"DEBUG=1",
					"$(inherited)",
				);
				GCC_WARN_64_TO_32_BIT_CONVERSION = YES;
				GCC_WARN_ABOUT_RETURN_TYPE = YES_ERROR;
				GCC_WARN_UNDECLARED_SELECTOR = YES;
				GCC_WARN_UNINITIALIZED_AUTOS = YES_AGGRESSIVE;
				GCC_WARN_UNUSED_FUNCTION = YES;
				GCC_WARN_UNUSED_VARIABLE = YES;
				IPHONEOS_DEPLOYMENT_TARGET = 11.2;
				MTL_ENABLE_DEBUG_INFO = YES;
				ONLY_ACTIVE_ARCH = YES;
				SDKROOT = iphoneos;
				SWIFT_ACTIVE_COMPILATION_CONDITIONS = DEBUG;
				SWIFT_OPTIMIZATION_LEVEL = "-Onone";
			};
			name = Debug;
		};
		B2C781262015EC4E00000D6C /* Release */ = {
			isa = XCBuildConfiguration;
			buildSettings = {
				ALWAYS_SEARCH_USER_PATHS = NO;
				CLANG_ANALYZER_NONNULL = YES;
				CLANG_ANALYZER_NUMBER_OBJECT_CONVERSION = YES_AGGRESSIVE;
				CLANG_CXX_LANGUAGE_STANDARD = "gnu++14";
				CLANG_CXX_LIBRARY = "libc++";
				CLANG_ENABLE_MODULES = YES;
				CLANG_ENABLE_OBJC_ARC = YES;
				CLANG_WARN_BLOCK_CAPTURE_AUTORELEASING = YES;
				CLANG_WARN_BOOL_CONVERSION = YES;
				CLANG_WARN_COMMA = YES;
				CLANG_WARN_CONSTANT_CONVERSION = YES;
				CLANG_WARN_DIRECT_OBJC_ISA_USAGE = YES_ERROR;
				CLANG_WARN_DOCUMENTATION_COMMENTS = YES;
				CLANG_WARN_EMPTY_BODY = YES;
				CLANG_WARN_ENUM_CONVERSION = YES;
				CLANG_WARN_INFINITE_RECURSION = YES;
				CLANG_WARN_INT_CONVERSION = YES;
				CLANG_WARN_NON_LITERAL_NULL_CONVERSION = YES;
				CLANG_WARN_OBJC_LITERAL_CONVERSION = YES;
				CLANG_WARN_OBJC_ROOT_CLASS = YES_ERROR;
				CLANG_WARN_RANGE_LOOP_ANALYSIS = YES;
				CLANG_WARN_STRICT_PROTOTYPES = YES;
				CLANG_WARN_SUSPICIOUS_MOVE = YES;
				CLANG_WARN_UNGUARDED_AVAILABILITY = YES_AGGRESSIVE;
				CLANG_WARN_UNREACHABLE_CODE = YES;
				CLANG_WARN__DUPLICATE_METHOD_MATCH = YES;
				CODE_SIGN_IDENTITY = "iPhone Developer";
				COPY_PHASE_STRIP = NO;
				DEBUG_INFORMATION_FORMAT = "dwarf-with-dsym";
				ENABLE_NS_ASSERTIONS = NO;
				ENABLE_STRICT_OBJC_MSGSEND = YES;
				GCC_C_LANGUAGE_STANDARD = gnu11;
				GCC_NO_COMMON_BLOCKS = YES;
				GCC_WARN_64_TO_32_BIT_CONVERSION = YES;
				GCC_WARN_ABOUT_RETURN_TYPE = YES_ERROR;
				GCC_WARN_UNDECLARED_SELECTOR = YES;
				GCC_WARN_UNINITIALIZED_AUTOS = YES_AGGRESSIVE;
				GCC_WARN_UNUSED_FUNCTION = YES;
				GCC_WARN_UNUSED_VARIABLE = YES;
				IPHONEOS_DEPLOYMENT_TARGET = 11.2;
				MTL_ENABLE_DEBUG_INFO = NO;
				SDKROOT = iphoneos;
				SWIFT_OPTIMIZATION_LEVEL = "-Owholemodule";
				VALIDATE_PRODUCT = YES;
			};
			name = Release;
		};
		B2C781282015EC4E00000D6C /* Debug */ = {
			isa = XCBuildConfiguration;
			baseConfigurationReference = F2AA497709C227C7A28DFE45 /* Pods-RxSwift_GitSearch.debug.xcconfig */;
			buildSettings = {
				ASSETCATALOG_COMPILER_APPICON_NAME = AppIcon;
				CODE_SIGN_STYLE = Automatic;
				DEVELOPMENT_TEAM = JL94BNBL3S;
				INFOPLIST_FILE = RxSwift_GitSearch/Info.plist;
				LD_RUNPATH_SEARCH_PATHS = "$(inherited) @executable_path/Frameworks";
				PRODUCT_BUNDLE_IDENTIFIER = "ken.RxSwift-GitSearch";
				PRODUCT_NAME = "$(TARGET_NAME)";
				SWIFT_VERSION = 4.0;
				TARGETED_DEVICE_FAMILY = "1,2";
			};
			name = Debug;
		};
		B2C781292015EC4E00000D6C /* Release */ = {
			isa = XCBuildConfiguration;
			baseConfigurationReference = DC8B13829A660C26CFD01DFE /* Pods-RxSwift_GitSearch.release.xcconfig */;
			buildSettings = {
				ASSETCATALOG_COMPILER_APPICON_NAME = AppIcon;
				CODE_SIGN_STYLE = Automatic;
				DEVELOPMENT_TEAM = JL94BNBL3S;
				INFOPLIST_FILE = RxSwift_GitSearch/Info.plist;
				LD_RUNPATH_SEARCH_PATHS = "$(inherited) @executable_path/Frameworks";
				PRODUCT_BUNDLE_IDENTIFIER = "ken.RxSwift-GitSearch";
				PRODUCT_NAME = "$(TARGET_NAME)";
				SWIFT_VERSION = 4.0;
				TARGETED_DEVICE_FAMILY = "1,2";
			};
			name = Release;
		};
		B2C7812B2015EC4E00000D6C /* Debug */ = {
			isa = XCBuildConfiguration;
			baseConfigurationReference = EDBAF0A5F54EEE45B7E68EC3 /* Pods-RxSwift_GitSearchTests.debug.xcconfig */;
			buildSettings = {
				ALWAYS_EMBED_SWIFT_STANDARD_LIBRARIES = YES;
				BUNDLE_LOADER = "$(TEST_HOST)";
				CODE_SIGN_STYLE = Automatic;
				DEVELOPMENT_TEAM = JL94BNBL3S;
				INFOPLIST_FILE = RxSwift_GitSearchTests/Info.plist;
				LD_RUNPATH_SEARCH_PATHS = "$(inherited) @executable_path/Frameworks @loader_path/Frameworks";
				PRODUCT_BUNDLE_IDENTIFIER = "ken.RxSwift-GitSearchTests";
				PRODUCT_NAME = "$(TARGET_NAME)";
				SWIFT_VERSION = 4.0;
				TARGETED_DEVICE_FAMILY = "1,2";
				TEST_HOST = "$(BUILT_PRODUCTS_DIR)/RxSwift_GitSearch.app/RxSwift_GitSearch";
			};
			name = Debug;
		};
		B2C7812C2015EC4E00000D6C /* Release */ = {
			isa = XCBuildConfiguration;
			baseConfigurationReference = 6E37604747978542B3690B2D /* Pods-RxSwift_GitSearchTests.release.xcconfig */;
			buildSettings = {
				ALWAYS_EMBED_SWIFT_STANDARD_LIBRARIES = YES;
				BUNDLE_LOADER = "$(TEST_HOST)";
				CODE_SIGN_STYLE = Automatic;
				DEVELOPMENT_TEAM = JL94BNBL3S;
				INFOPLIST_FILE = RxSwift_GitSearchTests/Info.plist;
				LD_RUNPATH_SEARCH_PATHS = "$(inherited) @executable_path/Frameworks @loader_path/Frameworks";
				PRODUCT_BUNDLE_IDENTIFIER = "ken.RxSwift-GitSearchTests";
				PRODUCT_NAME = "$(TARGET_NAME)";
				SWIFT_VERSION = 4.0;
				TARGETED_DEVICE_FAMILY = "1,2";
				TEST_HOST = "$(BUILT_PRODUCTS_DIR)/RxSwift_GitSearch.app/RxSwift_GitSearch";
			};
			name = Release;
		};
		B2C7812E2015EC4E00000D6C /* Debug */ = {
			isa = XCBuildConfiguration;
			baseConfigurationReference = 4A3A452F9D2B12D04B93F432 /* Pods-RxSwift_GitSearchUITests.debug.xcconfig */;
			buildSettings = {
				ALWAYS_EMBED_SWIFT_STANDARD_LIBRARIES = YES;
				CODE_SIGN_STYLE = Automatic;
				DEVELOPMENT_TEAM = JL94BNBL3S;
				INFOPLIST_FILE = RxSwift_GitSearchUITests/Info.plist;
				LD_RUNPATH_SEARCH_PATHS = "$(inherited) @executable_path/Frameworks @loader_path/Frameworks";
				PRODUCT_BUNDLE_IDENTIFIER = "ken.RxSwift-GitSearchUITests";
				PRODUCT_NAME = "$(TARGET_NAME)";
				SWIFT_VERSION = 4.0;
				TARGETED_DEVICE_FAMILY = "1,2";
				TEST_TARGET_NAME = RxSwift_GitSearch;
			};
			name = Debug;
		};
		B2C7812F2015EC4E00000D6C /* Release */ = {
			isa = XCBuildConfiguration;
			baseConfigurationReference = D85AD95BE2AADB3CACE392F0 /* Pods-RxSwift_GitSearchUITests.release.xcconfig */;
			buildSettings = {
				ALWAYS_EMBED_SWIFT_STANDARD_LIBRARIES = YES;
				CODE_SIGN_STYLE = Automatic;
				DEVELOPMENT_TEAM = JL94BNBL3S;
				INFOPLIST_FILE = RxSwift_GitSearchUITests/Info.plist;
				LD_RUNPATH_SEARCH_PATHS = "$(inherited) @executable_path/Frameworks @loader_path/Frameworks";
				PRODUCT_BUNDLE_IDENTIFIER = "ken.RxSwift-GitSearchUITests";
				PRODUCT_NAME = "$(TARGET_NAME)";
				SWIFT_VERSION = 4.0;
				TARGETED_DEVICE_FAMILY = "1,2";
				TEST_TARGET_NAME = RxSwift_GitSearch;
			};
			name = Release;
		};
/* End XCBuildConfiguration section */

/* Begin XCConfigurationList section */
		B2C780FA2015EC4E00000D6C /* Build configuration list for PBXProject "RxSwift_GitSearch" */ = {
			isa = XCConfigurationList;
			buildConfigurations = (
				B2C781252015EC4E00000D6C /* Debug */,
				B2C781262015EC4E00000D6C /* Release */,
			);
			defaultConfigurationIsVisible = 0;
			defaultConfigurationName = Release;
		};
		B2C781272015EC4E00000D6C /* Build configuration list for PBXNativeTarget "RxSwift_GitSearch" */ = {
			isa = XCConfigurationList;
			buildConfigurations = (
				B2C781282015EC4E00000D6C /* Debug */,
				B2C781292015EC4E00000D6C /* Release */,
			);
			defaultConfigurationIsVisible = 0;
			defaultConfigurationName = Release;
		};
		B2C7812A2015EC4E00000D6C /* Build configuration list for PBXNativeTarget "RxSwift_GitSearchTests" */ = {
			isa = XCConfigurationList;
			buildConfigurations = (
				B2C7812B2015EC4E00000D6C /* Debug */,
				B2C7812C2015EC4E00000D6C /* Release */,
			);
			defaultConfigurationIsVisible = 0;
			defaultConfigurationName = Release;
		};
		B2C7812D2015EC4E00000D6C /* Build configuration list for PBXNativeTarget "RxSwift_GitSearchUITests" */ = {
			isa = XCConfigurationList;
			buildConfigurations = (
				B2C7812E2015EC4E00000D6C /* Debug */,
				B2C7812F2015EC4E00000D6C /* Release */,
			);
			defaultConfigurationIsVisible = 0;
			defaultConfigurationName = Release;
		};
/* End XCConfigurationList section */
	};
	rootObject = B2C780F72015EC4E00000D6C /* Project object */;
}
